
Microsoft Visual Studio Solution File, Format Version 12.00
# Visual Studio 14
VisualStudioVersion = 14.0.25420.1
MinimumVisualStudioVersion = 10.0.40219.1
Project("{8BB2217D-0F2D-49D1-97BC-3654ED321F3B}") = "eTRIKS.Commons.DataAccess", "eTRIKS.Commons.DataAccess\eTRIKS.Commons.DataAccess.xproj", "{BF705262-DF01-44C3-9883-DA2C210E95FA}"
EndProject
Project("{8BB2217D-0F2D-49D1-97BC-3654ED321F3B}") = "eTRIKS.Commons.Core", "eTRIKS.Commons.Core\eTRIKS.Commons.Core.xproj", "{3B6536C7-6ACD-4B0D-ADDC-EDC269FFAF99}"
EndProject
Project("{8BB2217D-0F2D-49D1-97BC-3654ED321F3B}") = "eTRIKS.Commons.Service", "eTRIKS.Commons.Service\eTRIKS.Commons.Service.xproj", "{A5868F92-9112-403E-9562-E1F3CED1A07D}"
EndProject
Project("{8BB2217D-0F2D-49D1-97BC-3654ED321F3B}") = "eTRIKS.Commons.Persistence", "eTRIKS.Commons.Persistence\eTRIKS.Commons.Persistence.xproj", "{FFEBE5B1-4414-444F-AB02-763FF990AB65}"
EndProject
Project("{8BB2217D-0F2D-49D1-97BC-3654ED321F3B}") = "eTRIKS.Commons.WebAPI", "eTRIKS.Commons.WebAPI\eTRIKS.Commons.WebAPI.xproj", "{2CC126FE-9037-4117-B748-25E5C286B121}"
EndProject
Global
	GlobalSection(SolutionConfigurationPlatforms) = preSolution
		Debug|Any CPU = Debug|Any CPU
		Release|Any CPU = Release|Any CPU
	EndGlobalSection
	GlobalSection(ProjectConfigurationPlatforms) = postSolution
		{BF705262-DF01-44C3-9883-DA2C210E95FA}.Debug|Any CPU.ActiveCfg = Debug|Any CPU
		{BF705262-DF01-44C3-9883-DA2C210E95FA}.Debug|Any CPU.Build.0 = Debug|Any CPU
		{BF705262-DF01-44C3-9883-DA2C210E95FA}.Release|Any CPU.ActiveCfg = Release|Any CPU
		{BF705262-DF01-44C3-9883-DA2C210E95FA}.Release|Any CPU.Build.0 = Release|Any CPU
		{3B6536C7-6ACD-4B0D-ADDC-EDC269FFAF99}.Debug|Any CPU.ActiveCfg = Debug|Any CPU
		{3B6536C7-6ACD-4B0D-ADDC-EDC269FFAF99}.Debug|Any CPU.Build.0 = Debug|Any CPU
		{3B6536C7-6ACD-4B0D-ADDC-EDC269FFAF99}.Release|Any CPU.ActiveCfg = Release|Any CPU
		{3B6536C7-6ACD-4B0D-ADDC-EDC269FFAF99}.Release|Any CPU.Build.0 = Release|Any CPU
		{A5868F92-9112-403E-9562-E1F3CED1A07D}.Debug|Any CPU.ActiveCfg = Debug|Any CPU
		{A5868F92-9112-403E-9562-E1F3CED1A07D}.Debug|Any CPU.Build.0 = Debug|Any CPU
		{A5868F92-9112-403E-9562-E1F3CED1A07D}.Release|Any CPU.ActiveCfg = Release|Any CPU
		{A5868F92-9112-403E-9562-E1F3CED1A07D}.Release|Any CPU.Build.0 = Release|Any CPU
		{FFEBE5B1-4414-444F-AB02-763FF990AB65}.Debug|Any CPU.ActiveCfg = Debug|Any CPU
		{FFEBE5B1-4414-444F-AB02-763FF990AB65}.Debug|Any CPU.Build.0 = Debug|Any CPU
		{FFEBE5B1-4414-444F-AB02-763FF990AB65}.Release|Any CPU.ActiveCfg = Release|Any CPU
		{FFEBE5B1-4414-444F-AB02-763FF990AB65}.Release|Any CPU.Build.0 = Release|Any CPU
		{2CC126FE-9037-4117-B748-25E5C286B121}.Debug|Any CPU.ActiveCfg = Debug|Any CPU
		{2CC126FE-9037-4117-B748-25E5C286B121}.Debug|Any CPU.Build.0 = Debug|Any CPU
		{2CC126FE-9037-4117-B748-25E5C286B121}.Release|Any CPU.ActiveCfg = Release|Any CPU
		{2CC126FE-9037-4117-B748-25E5C286B121}.Release|Any CPU.Build.0 = Release|Any CPU
	EndGlobalSection
	GlobalSection(SolutionProperties) = preSolution
		HideSolutionNode = FALSE
	EndGlobalSection
EndGlobal
